
Microsoft Visual Studio Solution File, Format Version 12.00
# Visual Studio 15
VisualStudioVersion = 15.0.28307.271
MinimumVisualStudioVersion = 10.0.40219.1
Project("{FAE04EC0-301F-11D3-BF4B-00C04F79EFBC}") = "WebApi", "WebApi\WebApi.csproj", "{2FC4C2DA-777F-4176-B90F-5AFE1008DFD0}"
EndProject
Global
	GlobalSection(SolutionConfigurationPlatforms) = preSolution
		Debug|Any CPU = Debug|Any CPU
		Release|Any CPU = Release|Any CPU
	EndGlobalSection
	GlobalSection(ProjectConfigurationPlatforms) = postSolution
		{2FC4C2DA-777F-4176-B90F-5AFE1008DFD0}.Debug|Any CPU.ActiveCfg = Debug|Any CPU
		{2FC4C2DA-777F-4176-B90F-5AFE1008DFD0}.Debug|Any CPU.Build.0 = Debug|Any CPU
		{2FC4C2DA-777F-4176-B90F-5AFE1008DFD0}.Release|Any CPU.ActiveCfg = Release|Any CPU
		{2FC4C2DA-777F-4176-B90F-5AFE1008DFD0}.Release|Any CPU.Build.0 = Release|Any CPU
	EndGlobalSection
	GlobalSection(SolutionProperties) = preSolution
		HideSolutionNode = FALSE
	EndGlobalSection
	GlobalSection(ExtensibilityGlobals) = postSolution
		SolutionGuid = {AC18F46E-2E4E-419A-A967-3C474BE6B4C2}
	EndGlobalSection
EndGlobal
